// !$*UTF8*$!
{
	archiveVersion = 1;
	classes = {
	};
	objectVersion = 56;
	objects = {

/* Begin PBXBuildFile section */
		D21C387C2AE66DCC001BB357 /* onboardingItems.swift in Sources */ = {isa = PBXBuildFile; fileRef = D21C387B2AE66DCC001BB357 /* onboardingItems.swift */; };
		D21C38A42AE6FC44001BB357 /* LogIn_View.swift in Sources */ = {isa = PBXBuildFile; fileRef = D21C38A32AE6FC44001BB357 /* LogIn_View.swift */; };
		D21C38A82AE72103001BB357 /* Sign_UpView.swift in Sources */ = {isa = PBXBuildFile; fileRef = D21C38A72AE72103001BB357 /* Sign_UpView.swift */; };
		D22D4D332AE79C37005DA0DB /* LogIn_Success.swift in Sources */ = {isa = PBXBuildFile; fileRef = D22D4D322AE79C37005DA0DB /* LogIn_Success.swift */; };
		D25AA0142AE580E300D97D06 /* HealthcareApp.swift in Sources */ = {isa = PBXBuildFile; fileRef = D25AA0132AE580E300D97D06 /* HealthcareApp.swift */; };
		D25AA0162AE580E300D97D06 /* ContentView.swift in Sources */ = {isa = PBXBuildFile; fileRef = D25AA0152AE580E300D97D06 /* ContentView.swift */; };
		D25AA0182AE580E400D97D06 /* Assets.xcassets in Resources */ = {isa = PBXBuildFile; fileRef = D25AA0172AE580E400D97D06 /* Assets.xcassets */; };
		D25AA01B2AE580E400D97D06 /* Preview Assets.xcassets in Resources */ = {isa = PBXBuildFile; fileRef = D25AA01A2AE580E400D97D06 /* Preview Assets.xcassets */; };
		D25AA0232AE581C800D97D06 /* OnboardingView.swift in Sources */ = {isa = PBXBuildFile; fileRef = D25AA0222AE581C800D97D06 /* OnboardingView.swift */; };
		D25AA0252AE5861100D97D06 /* SplashScreenView.swift in Sources */ = {isa = PBXBuildFile; fileRef = D25AA0242AE5861100D97D06 /* SplashScreenView.swift */; };
		D25AA02A2AE5B13900D97D06 /* LogIn_SignUp_View.swift in Sources */ = {isa = PBXBuildFile; fileRef = D25AA0292AE5B13900D97D06 /* LogIn_SignUp_View.swift */; };
		D2BD187D2AF6E25500E64D49 /* Message_View.swift in Sources */ = {isa = PBXBuildFile; fileRef = D2BD187C2AF6E25500E64D49 /* Message_View.swift */; };
		D2BD187F2AF6EA7100E64D49 /* Arcticles_View.swift in Sources */ = {isa = PBXBuildFile; fileRef = D2BD187E2AF6EA7100E64D49 /* Arcticles_View.swift */; };
		D2BD18812AF6EA9C00E64D49 /* Popular_Articles.swift in Sources */ = {isa = PBXBuildFile; fileRef = D2BD18802AF6EA9C00E64D49 /* Popular_Articles.swift */; };
		D2BD18832AF6FE4C00E64D49 /* Trending_Articles.swift in Sources */ = {isa = PBXBuildFile; fileRef = D2BD18822AF6FE4C00E64D49 /* Trending_Articles.swift */; };
		D2BD18852AF708F400E64D49 /* Related_Articles.swift in Sources */ = {isa = PBXBuildFile; fileRef = D2BD18842AF708F400E64D49 /* Related_Articles.swift */; };
		D2BD18872AF70FE100E64D49 /* Pharmacy_View.swift in Sources */ = {isa = PBXBuildFile; fileRef = D2BD18862AF70FE100E64D49 /* Pharmacy_View.swift */; };
		D2BD18892AF7114900E64D49 /* Ad_Pharmacy_Box.swift in Sources */ = {isa = PBXBuildFile; fileRef = D2BD18882AF7114900E64D49 /* Ad_Pharmacy_Box.swift */; };
		D2BD188B2AF7147C00E64D49 /* Popular_Product.swift in Sources */ = {isa = PBXBuildFile; fileRef = D2BD188A2AF7147C00E64D49 /* Popular_Product.swift */; };
		D2BD188D2AF7579F00E64D49 /* Product_on_Sale.swift in Sources */ = {isa = PBXBuildFile; fileRef = D2BD188C2AF7579F00E64D49 /* Product_on_Sale.swift */; };
		D2BD188F2AF75B0800E64D49 /* Drugs_Detail_View.swift in Sources */ = {isa = PBXBuildFile; fileRef = D2BD188E2AF75B0800E64D49 /* Drugs_Detail_View.swift */; };
		D2BD18912AF7672F00E64D49 /* My_Cart_View.swift in Sources */ = {isa = PBXBuildFile; fileRef = D2BD18902AF7672F00E64D49 /* My_Cart_View.swift */; };
		D2BD18932AF7676B00E64D49 /* Card_My _Cart.swift in Sources */ = {isa = PBXBuildFile; fileRef = D2BD18922AF7676B00E64D49 /* Card_My _Cart.swift */; };
		D2BD18952AF772B800E64D49 /* Payment_Success_Cart_View.swift in Sources */ = {isa = PBXBuildFile; fileRef = D2BD18942AF772B800E64D49 /* Payment_Success_Cart_View.swift */; };
		D2E2A47B2AF260600016C5D9 /* Home_View.swift in Sources */ = {isa = PBXBuildFile; fileRef = D2E2A47A2AF260600016C5D9 /* Home_View.swift */; };
		D2E2A47D2AF261880016C5D9 /* Reset_Password.swift in Sources */ = {isa = PBXBuildFile; fileRef = D2E2A47C2AF261880016C5D9 /* Reset_Password.swift */; };
		D2E2A47F2AF26A020016C5D9 /* Reset_Password_Email.swift in Sources */ = {isa = PBXBuildFile; fileRef = D2E2A47E2AF26A020016C5D9 /* Reset_Password_Email.swift */; };
		D2E2A4812AF26C640016C5D9 /* Reset_Password_Phone.swift in Sources */ = {isa = PBXBuildFile; fileRef = D2E2A4802AF26C640016C5D9 /* Reset_Password_Phone.swift */; };
		D2E2A4832AF2D41F0016C5D9 /* Verify_Code_View.swift in Sources */ = {isa = PBXBuildFile; fileRef = D2E2A4822AF2D41F0016C5D9 /* Verify_Code_View.swift */; };
		D2E2A4852AF2D76A0016C5D9 /* OTPView.swift in Sources */ = {isa = PBXBuildFile; fileRef = D2E2A4842AF2D76A0016C5D9 /* OTPView.swift */; };
		D2E2A4892AF2F0120016C5D9 /* Create_New_Password_View.swift in Sources */ = {isa = PBXBuildFile; fileRef = D2E2A4882AF2F0120016C5D9 /* Create_New_Password_View.swift */; };
		D2E2A48B2AF2F60F0016C5D9 /* New_Password_Success_View.swift in Sources */ = {isa = PBXBuildFile; fileRef = D2E2A48A2AF2F60F0016C5D9 /* New_Password_Success_View.swift */; };
		D2E2A48E2AF2FE130016C5D9 /* Header_Home.swift in Sources */ = {isa = PBXBuildFile; fileRef = D2E2A48D2AF2FE130016C5D9 /* Header_Home.swift */; };
		D2E2A4902AF2FFCD0016C5D9 /* Search.swift in Sources */ = {isa = PBXBuildFile; fileRef = D2E2A48F2AF2FFCD0016C5D9 /* Search.swift */; };
		D2E2A4922AF304350016C5D9 /* Catogry_Home_Row.swift in Sources */ = {isa = PBXBuildFile; fileRef = D2E2A4912AF304350016C5D9 /* Catogry_Home_Row.swift */; };
		D2E2A4942AF30ACD0016C5D9 /* Ad_Home_Box.swift in Sources */ = {isa = PBXBuildFile; fileRef = D2E2A4932AF30ACD0016C5D9 /* Ad_Home_Box.swift */; };
		D2E2A49A2AF389150016C5D9 /* Top_Doctor.swift in Sources */ = {isa = PBXBuildFile; fileRef = D2E2A4992AF389150016C5D9 /* Top_Doctor.swift */; };
		D2E2A49C2AF3AC750016C5D9 /* See_All_Top _Doctor_View.swift in Sources */ = {isa = PBXBuildFile; fileRef = D2E2A49B2AF3AC750016C5D9 /* See_All_Top _Doctor_View.swift */; };
		D2E2A49E2AF3BA3D0016C5D9 /* Find_Doctors_View.swift in Sources */ = {isa = PBXBuildFile; fileRef = D2E2A49D2AF3BA3D0016C5D9 /* Find_Doctors_View.swift */; };
		D2E2A4A02AF4366F0016C5D9 /* Recommended_Doctors.swift in Sources */ = {isa = PBXBuildFile; fileRef = D2E2A49F2AF4366F0016C5D9 /* Recommended_Doctors.swift */; };
		D2E2A4A22AF455980016C5D9 /* Your_Recent_Doctors.swift in Sources */ = {isa = PBXBuildFile; fileRef = D2E2A4A12AF455980016C5D9 /* Your_Recent_Doctors.swift */; };
		D2E2A4A42AF45BEB0016C5D9 /* Doctor_Detail_View.swift in Sources */ = {isa = PBXBuildFile; fileRef = D2E2A4A32AF45BEB0016C5D9 /* Doctor_Detail_View.swift */; };
		D2E2A4A62AF524AE0016C5D9 /* Header_Doctor_Detail.swift in Sources */ = {isa = PBXBuildFile; fileRef = D2E2A4A52AF524AE0016C5D9 /* Header_Doctor_Detail.swift */; };
		D2E2A4A82AF5335D0016C5D9 /* Date_Baker.swift in Sources */ = {isa = PBXBuildFile; fileRef = D2E2A4A72AF5335D0016C5D9 /* Date_Baker.swift */; };
		D2E2A4AA2AF55AB30016C5D9 /* Time_Baker.swift in Sources */ = {isa = PBXBuildFile; fileRef = D2E2A4A92AF55AB30016C5D9 /* Time_Baker.swift */; };
		D2E2A4AC2AF5803B0016C5D9 /* Appointment_View.swift in Sources */ = {isa = PBXBuildFile; fileRef = D2E2A4AB2AF5803B0016C5D9 /* Appointment_View.swift */; };
		D2E2A4AE2AF583D40016C5D9 /* Card_Docters.swift in Sources */ = {isa = PBXBuildFile; fileRef = D2E2A4AD2AF583D40016C5D9 /* Card_Docters.swift */; };
		D2E2A4B02AF585910016C5D9 /* Date_&_Reason.swift in Sources */ = {isa = PBXBuildFile; fileRef = D2E2A4AF2AF585910016C5D9 /* Date_&_Reason.swift */; };
		D2E2A4B22AF5B5D80016C5D9 /* Payment_Success_View.swift in Sources */ = {isa = PBXBuildFile; fileRef = D2E2A4B12AF5B5D80016C5D9 /* Payment_Success_View.swift */; };
		D2E2A4B42AF5B8690016C5D9 /* Chat_Doctor_View.swift in Sources */ = {isa = PBXBuildFile; fileRef = D2E2A4B32AF5B8690016C5D9 /* Chat_Doctor_View.swift */; };
		D2E2A4B62AF5DF100016C5D9 /* Audio_Call_View.swift in Sources */ = {isa = PBXBuildFile; fileRef = D2E2A4B52AF5DF100016C5D9 /* Audio_Call_View.swift */; };
		D2E2A4B82AF5DF460016C5D9 /* Video_Call_View.swift in Sources */ = {isa = PBXBuildFile; fileRef = D2E2A4B72AF5DF460016C5D9 /* Video_Call_View.swift */; };
		D2E2A4BA2AF692040016C5D9 /* Schedule_View.swift in Sources */ = {isa = PBXBuildFile; fileRef = D2E2A4B92AF692040016C5D9 /* Schedule_View.swift */; };
		D2E2A4BE2AF6BDB50016C5D9 /* Card_Docters_Schedule.swift in Sources */ = {isa = PBXBuildFile; fileRef = D2E2A4BD2AF6BDB50016C5D9 /* Card_Docters_Schedule.swift */; };
		D2E2A4C02AF6D7540016C5D9 /* Card_Schedule.swift in Sources */ = {isa = PBXBuildFile; fileRef = D2E2A4BF2AF6D7540016C5D9 /* Card_Schedule.swift */; };
/* End PBXBuildFile section */

/* Begin PBXFileReference section */
		D21C387B2AE66DCC001BB357 /* onboardingItems.swift */ = {isa = PBXFileReference; lastKnownFileType = sourcecode.swift; path = onboardingItems.swift; sourceTree = "<group>"; };
		D21C38A32AE6FC44001BB357 /* LogIn_View.swift */ = {isa = PBXFileReference; lastKnownFileType = sourcecode.swift; path = LogIn_View.swift; sourceTree = "<group>"; };
		D21C38A72AE72103001BB357 /* Sign_UpView.swift */ = {isa = PBXFileReference; lastKnownFileType = sourcecode.swift; path = Sign_UpView.swift; sourceTree = "<group>"; };
		D22D4D322AE79C37005DA0DB /* LogIn_Success.swift */ = {isa = PBXFileReference; lastKnownFileType = sourcecode.swift; path = LogIn_Success.swift; sourceTree = "<group>"; };
		D25AA0102AE580E300D97D06 /* Healthcare.app */ = {isa = PBXFileReference; explicitFileType = wrapper.application; includeInIndex = 0; path = Healthcare.app; sourceTree = BUILT_PRODUCTS_DIR; };
		D25AA0132AE580E300D97D06 /* HealthcareApp.swift */ = {isa = PBXFileReference; lastKnownFileType = sourcecode.swift; path = HealthcareApp.swift; sourceTree = "<group>"; };
		D25AA0152AE580E300D97D06 /* ContentView.swift */ = {isa = PBXFileReference; lastKnownFileType = sourcecode.swift; path = ContentView.swift; sourceTree = "<group>"; };
		D25AA0172AE580E400D97D06 /* Assets.xcassets */ = {isa = PBXFileReference; lastKnownFileType = folder.assetcatalog; path = Assets.xcassets; sourceTree = "<group>"; };
		D25AA01A2AE580E400D97D06 /* Preview Assets.xcassets */ = {isa = PBXFileReference; lastKnownFileType = folder.assetcatalog; path = "Preview Assets.xcassets"; sourceTree = "<group>"; };
		D25AA0222AE581C800D97D06 /* OnboardingView.swift */ = {isa = PBXFileReference; lastKnownFileType = sourcecode.swift; path = OnboardingView.swift; sourceTree = "<group>"; };
		D25AA0242AE5861100D97D06 /* SplashScreenView.swift */ = {isa = PBXFileReference; lastKnownFileType = sourcecode.swift; path = SplashScreenView.swift; sourceTree = "<group>"; };
		D25AA0292AE5B13900D97D06 /* LogIn_SignUp_View.swift */ = {isa = PBXFileReference; lastKnownFileType = sourcecode.swift; path = LogIn_SignUp_View.swift; sourceTree = "<group>"; };
		D2BD187C2AF6E25500E64D49 /* Message_View.swift */ = {isa = PBXFileReference; lastKnownFileType = sourcecode.swift; path = Message_View.swift; sourceTree = "<group>"; };
		D2BD187E2AF6EA7100E64D49 /* Arcticles_View.swift */ = {isa = PBXFileReference; lastKnownFileType = sourcecode.swift; path = Arcticles_View.swift; sourceTree = "<group>"; };
		D2BD18802AF6EA9C00E64D49 /* Popular_Articles.swift */ = {isa = PBXFileReference; lastKnownFileType = sourcecode.swift; path = Popular_Articles.swift; sourceTree = "<group>"; };
		D2BD18822AF6FE4C00E64D49 /* Trending_Articles.swift */ = {isa = PBXFileReference; lastKnownFileType = sourcecode.swift; path = Trending_Articles.swift; sourceTree = "<group>"; };
		D2BD18842AF708F400E64D49 /* Related_Articles.swift */ = {isa = PBXFileReference; lastKnownFileType = sourcecode.swift; path = Related_Articles.swift; sourceTree = "<group>"; };
		D2BD18862AF70FE100E64D49 /* Pharmacy_View.swift */ = {isa = PBXFileReference; lastKnownFileType = sourcecode.swift; path = Pharmacy_View.swift; sourceTree = "<group>"; };
		D2BD18882AF7114900E64D49 /* Ad_Pharmacy_Box.swift */ = {isa = PBXFileReference; lastKnownFileType = sourcecode.swift; path = Ad_Pharmacy_Box.swift; sourceTree = "<group>"; };
		D2BD188A2AF7147C00E64D49 /* Popular_Product.swift */ = {isa = PBXFileReference; lastKnownFileType = sourcecode.swift; path = Popular_Product.swift; sourceTree = "<group>"; };
		D2BD188C2AF7579F00E64D49 /* Product_on_Sale.swift */ = {isa = PBXFileReference; lastKnownFileType = sourcecode.swift; path = Product_on_Sale.swift; sourceTree = "<group>"; };
		D2BD188E2AF75B0800E64D49 /* Drugs_Detail_View.swift */ = {isa = PBXFileReference; lastKnownFileType = sourcecode.swift; path = Drugs_Detail_View.swift; sourceTree = "<group>"; };
		D2BD18902AF7672F00E64D49 /* My_Cart_View.swift */ = {isa = PBXFileReference; lastKnownFileType = sourcecode.swift; path = My_Cart_View.swift; sourceTree = "<group>"; };
		D2BD18922AF7676B00E64D49 /* Card_My _Cart.swift */ = {isa = PBXFileReference; lastKnownFileType = sourcecode.swift; path = "Card_My _Cart.swift"; sourceTree = "<group>"; };
		D2BD18942AF772B800E64D49 /* Payment_Success_Cart_View.swift */ = {isa = PBXFileReference; lastKnownFileType = sourcecode.swift; path = Payment_Success_Cart_View.swift; sourceTree = "<group>"; };
		D2E2A47A2AF260600016C5D9 /* Home_View.swift */ = {isa = PBXFileReference; lastKnownFileType = sourcecode.swift; path = Home_View.swift; sourceTree = "<group>"; };
		D2E2A47C2AF261880016C5D9 /* Reset_Password.swift */ = {isa = PBXFileReference; lastKnownFileType = sourcecode.swift; path = Reset_Password.swift; sourceTree = "<group>"; };
		D2E2A47E2AF26A020016C5D9 /* Reset_Password_Email.swift */ = {isa = PBXFileReference; lastKnownFileType = sourcecode.swift; path = Reset_Password_Email.swift; sourceTree = "<group>"; };
		D2E2A4802AF26C640016C5D9 /* Reset_Password_Phone.swift */ = {isa = PBXFileReference; lastKnownFileType = sourcecode.swift; path = Reset_Password_Phone.swift; sourceTree = "<group>"; };
		D2E2A4822AF2D41F0016C5D9 /* Verify_Code_View.swift */ = {isa = PBXFileReference; lastKnownFileType = sourcecode.swift; path = Verify_Code_View.swift; sourceTree = "<group>"; };
		D2E2A4842AF2D76A0016C5D9 /* OTPView.swift */ = {isa = PBXFileReference; lastKnownFileType = sourcecode.swift; path = OTPView.swift; sourceTree = "<group>"; };
		D2E2A4882AF2F0120016C5D9 /* Create_New_Password_View.swift */ = {isa = PBXFileReference; lastKnownFileType = sourcecode.swift; path = Create_New_Password_View.swift; sourceTree = "<group>"; };
		D2E2A48A2AF2F60F0016C5D9 /* New_Password_Success_View.swift */ = {isa = PBXFileReference; lastKnownFileType = sourcecode.swift; path = New_Password_Success_View.swift; sourceTree = "<group>"; };
		D2E2A48D2AF2FE130016C5D9 /* Header_Home.swift */ = {isa = PBXFileReference; lastKnownFileType = sourcecode.swift; path = Header_Home.swift; sourceTree = "<group>"; };
		D2E2A48F2AF2FFCD0016C5D9 /* Search.swift */ = {isa = PBXFileReference; lastKnownFileType = sourcecode.swift; path = Search.swift; sourceTree = "<group>"; };
		D2E2A4912AF304350016C5D9 /* Catogry_Home_Row.swift */ = {isa = PBXFileReference; lastKnownFileType = sourcecode.swift; path = Catogry_Home_Row.swift; sourceTree = "<group>"; };
		D2E2A4932AF30ACD0016C5D9 /* Ad_Home_Box.swift */ = {isa = PBXFileReference; lastKnownFileType = sourcecode.swift; path = Ad_Home_Box.swift; sourceTree = "<group>"; };
		D2E2A4992AF389150016C5D9 /* Top_Doctor.swift */ = {isa = PBXFileReference; lastKnownFileType = sourcecode.swift; path = Top_Doctor.swift; sourceTree = "<group>"; };
		D2E2A49B2AF3AC750016C5D9 /* See_All_Top _Doctor_View.swift */ = {isa = PBXFileReference; lastKnownFileType = sourcecode.swift; path = "See_All_Top _Doctor_View.swift"; sourceTree = "<group>"; };
		D2E2A49D2AF3BA3D0016C5D9 /* Find_Doctors_View.swift */ = {isa = PBXFileReference; lastKnownFileType = sourcecode.swift; path = Find_Doctors_View.swift; sourceTree = "<group>"; };
		D2E2A49F2AF4366F0016C5D9 /* Recommended_Doctors.swift */ = {isa = PBXFileReference; lastKnownFileType = sourcecode.swift; path = Recommended_Doctors.swift; sourceTree = "<group>"; };
		D2E2A4A12AF455980016C5D9 /* Your_Recent_Doctors.swift */ = {isa = PBXFileReference; lastKnownFileType = sourcecode.swift; path = Your_Recent_Doctors.swift; sourceTree = "<group>"; };
		D2E2A4A32AF45BEB0016C5D9 /* Doctor_Detail_View.swift */ = {isa = PBXFileReference; lastKnownFileType = sourcecode.swift; path = Doctor_Detail_View.swift; sourceTree = "<group>"; };
		D2E2A4A52AF524AE0016C5D9 /* Header_Doctor_Detail.swift */ = {isa = PBXFileReference; lastKnownFileType = sourcecode.swift; path = Header_Doctor_Detail.swift; sourceTree = "<group>"; };
		D2E2A4A72AF5335D0016C5D9 /* Date_Baker.swift */ = {isa = PBXFileReference; lastKnownFileType = sourcecode.swift; path = Date_Baker.swift; sourceTree = "<group>"; };
		D2E2A4A92AF55AB30016C5D9 /* Time_Baker.swift */ = {isa = PBXFileReference; lastKnownFileType = sourcecode.swift; path = Time_Baker.swift; sourceTree = "<group>"; };
		D2E2A4AB2AF5803B0016C5D9 /* Appointment_View.swift */ = {isa = PBXFileReference; lastKnownFileType = sourcecode.swift; path = Appointment_View.swift; sourceTree = "<group>"; };
		D2E2A4AD2AF583D40016C5D9 /* Card_Docters.swift */ = {isa = PBXFileReference; lastKnownFileType = sourcecode.swift; path = Card_Docters.swift; sourceTree = "<group>"; };
		D2E2A4AF2AF585910016C5D9 /* Date_&_Reason.swift */ = {isa = PBXFileReference; lastKnownFileType = sourcecode.swift; path = "Date_&_Reason.swift"; sourceTree = "<group>"; };
		D2E2A4B12AF5B5D80016C5D9 /* Payment_Success_View.swift */ = {isa = PBXFileReference; lastKnownFileType = sourcecode.swift; path = Payment_Success_View.swift; sourceTree = "<group>"; };
		D2E2A4B32AF5B8690016C5D9 /* Chat_Doctor_View.swift */ = {isa = PBXFileReference; lastKnownFileType = sourcecode.swift; path = Chat_Doctor_View.swift; sourceTree = "<group>"; };
		D2E2A4B52AF5DF100016C5D9 /* Audio_Call_View.swift */ = {isa = PBXFileReference; lastKnownFileType = sourcecode.swift; path = Audio_Call_View.swift; sourceTree = "<group>"; };
		D2E2A4B72AF5DF460016C5D9 /* Video_Call_View.swift */ = {isa = PBXFileReference; lastKnownFileType = sourcecode.swift; path = Video_Call_View.swift; sourceTree = "<group>"; };
		D2E2A4B92AF692040016C5D9 /* Schedule_View.swift */ = {isa = PBXFileReference; lastKnownFileType = sourcecode.swift; path = Schedule_View.swift; sourceTree = "<group>"; };
		D2E2A4BD2AF6BDB50016C5D9 /* Card_Docters_Schedule.swift */ = {isa = PBXFileReference; lastKnownFileType = sourcecode.swift; path = Card_Docters_Schedule.swift; sourceTree = "<group>"; };
		D2E2A4BF2AF6D7540016C5D9 /* Card_Schedule.swift */ = {isa = PBXFileReference; lastKnownFileType = sourcecode.swift; path = Card_Schedule.swift; sourceTree = "<group>"; };
/* End PBXFileReference section */

/* Begin PBXFrameworksBuildPhase section */
		D25AA00D2AE580E300D97D06 /* Frameworks */ = {
			isa = PBXFrameworksBuildPhase;
			buildActionMask = 2147483647;
			files = (
			);
			runOnlyForDeploymentPostprocessing = 0;
		};
/* End PBXFrameworksBuildPhase section */

/* Begin PBXGroup section */
		D21C38762AE658A7001BB357 /* Onboarding */ = {
			isa = PBXGroup;
			children = (
				D25AA0242AE5861100D97D06 /* SplashScreenView.swift */,
				D25AA0222AE581C800D97D06 /* OnboardingView.swift */,
				D21C387B2AE66DCC001BB357 /* onboardingItems.swift */,
			);
			path = Onboarding;
			sourceTree = "<group>";
		};
		D21C38A22AE6FBFF001BB357 /* Authentication */ = {
			isa = PBXGroup;
			children = (
				D2E2A4862AF2EB590016C5D9 /* Login_&_Sign Up */,
				D2E2A4872AF2EBBF0016C5D9 /* Reset_Password */,
			);
			path = Authentication;
			sourceTree = "<group>";
		};
		D25AA0072AE580E300D97D06 = {
			isa = PBXGroup;
			children = (
				D25AA0122AE580E300D97D06 /* Healthcare */,
				D25AA0112AE580E300D97D06 /* Products */,
			);
			sourceTree = "<group>";
		};
		D25AA0112AE580E300D97D06 /* Products */ = {
			isa = PBXGroup;
			children = (
				D25AA0102AE580E300D97D06 /* Healthcare.app */,
			);
			name = Products;
			sourceTree = "<group>";
		};
		D25AA0122AE580E300D97D06 /* Healthcare */ = {
			isa = PBXGroup;
			children = (
				D25AA0132AE580E300D97D06 /* HealthcareApp.swift */,
				D25AA0152AE580E300D97D06 /* ContentView.swift */,
				D21C38762AE658A7001BB357 /* Onboarding */,
				D25AA0212AE5813100D97D06 /* View */,
				D21C38A22AE6FBFF001BB357 /* Authentication */,
				D25AA0172AE580E400D97D06 /* Assets.xcassets */,
				D25AA0192AE580E400D97D06 /* Preview Content */,
			);
			path = Healthcare;
			sourceTree = "<group>";
		};
		D25AA0192AE580E400D97D06 /* Preview Content */ = {
			isa = PBXGroup;
			children = (
				D25AA01A2AE580E400D97D06 /* Preview Assets.xcassets */,
			);
			path = "Preview Content";
			sourceTree = "<group>";
		};
		D25AA0212AE5813100D97D06 /* View */ = {
			isa = PBXGroup;
			children = (
				D2E2A47A2AF260600016C5D9 /* Home_View.swift */,
				D2E2A49B2AF3AC750016C5D9 /* See_All_Top _Doctor_View.swift */,
				D2E2A49D2AF3BA3D0016C5D9 /* Find_Doctors_View.swift */,
				D2E2A4A32AF45BEB0016C5D9 /* Doctor_Detail_View.swift */,
				D2E2A4AB2AF5803B0016C5D9 /* Appointment_View.swift */,
				D2E2A4B12AF5B5D80016C5D9 /* Payment_Success_View.swift */,
				D2E2A4B32AF5B8690016C5D9 /* Chat_Doctor_View.swift */,
				D2E2A4B52AF5DF100016C5D9 /* Audio_Call_View.swift */,
				D2E2A4B72AF5DF460016C5D9 /* Video_Call_View.swift */,
				D2E2A4B92AF692040016C5D9 /* Schedule_View.swift */,
				D2BD187C2AF6E25500E64D49 /* Message_View.swift */,
				D2BD187E2AF6EA7100E64D49 /* Arcticles_View.swift */,
				D2BD18862AF70FE100E64D49 /* Pharmacy_View.swift */,
				D2BD188E2AF75B0800E64D49 /* Drugs_Detail_View.swift */,
				D2BD18902AF7672F00E64D49 /* My_Cart_View.swift */,
				D2BD18942AF772B800E64D49 /* Payment_Success_Cart_View.swift */,
				D2E2A48C2AF2FDDA0016C5D9 /* Components */,
			);
			path = View;
			sourceTree = "<group>";
		};
		D2E2A4862AF2EB590016C5D9 /* Login_&_Sign Up */ = {
			isa = PBXGroup;
			children = (
				D25AA0292AE5B13900D97D06 /* LogIn_SignUp_View.swift */,
				D21C38A32AE6FC44001BB357 /* LogIn_View.swift */,
				D21C38A72AE72103001BB357 /* Sign_UpView.swift */,
				D22D4D322AE79C37005DA0DB /* LogIn_Success.swift */,
			);
			path = "Login_&_Sign Up";
			sourceTree = "<group>";
		};
		D2E2A4872AF2EBBF0016C5D9 /* Reset_Password */ = {
			isa = PBXGroup;
			children = (
				D2E2A47C2AF261880016C5D9 /* Reset_Password.swift */,
				D2E2A47E2AF26A020016C5D9 /* Reset_Password_Email.swift */,
				D2E2A4802AF26C640016C5D9 /* Reset_Password_Phone.swift */,
				D2E2A4822AF2D41F0016C5D9 /* Verify_Code_View.swift */,
				D2E2A4842AF2D76A0016C5D9 /* OTPView.swift */,
				D2E2A4882AF2F0120016C5D9 /* Create_New_Password_View.swift */,
				D2E2A48A2AF2F60F0016C5D9 /* New_Password_Success_View.swift */,
			);
			path = Reset_Password;
			sourceTree = "<group>";
		};
		D2E2A48C2AF2FDDA0016C5D9 /* Components */ = {
			isa = PBXGroup;
			children = (
				D2E2A48D2AF2FE130016C5D9 /* Header_Home.swift */,
				D2E2A48F2AF2FFCD0016C5D9 /* Search.swift */,
				D2E2A4912AF304350016C5D9 /* Catogry_Home_Row.swift */,
				D2E2A4932AF30ACD0016C5D9 /* Ad_Home_Box.swift */,
				D2E2A4992AF389150016C5D9 /* Top_Doctor.swift */,
				D2E2A49F2AF4366F0016C5D9 /* Recommended_Doctors.swift */,
				D2E2A4A12AF455980016C5D9 /* Your_Recent_Doctors.swift */,
				D2E2A4A52AF524AE0016C5D9 /* Header_Doctor_Detail.swift */,
				D2E2A4A72AF5335D0016C5D9 /* Date_Baker.swift */,
				D2E2A4A92AF55AB30016C5D9 /* Time_Baker.swift */,
				D2E2A4AD2AF583D40016C5D9 /* Card_Docters.swift */,
				D2E2A4AF2AF585910016C5D9 /* Date_&_Reason.swift */,
				D2E2A4BD2AF6BDB50016C5D9 /* Card_Docters_Schedule.swift */,
				D2E2A4BF2AF6D7540016C5D9 /* Card_Schedule.swift */,
				D2BD18802AF6EA9C00E64D49 /* Popular_Articles.swift */,
				D2BD18822AF6FE4C00E64D49 /* Trending_Articles.swift */,
				D2BD18842AF708F400E64D49 /* Related_Articles.swift */,
				D2BD18882AF7114900E64D49 /* Ad_Pharmacy_Box.swift */,
				D2BD188A2AF7147C00E64D49 /* Popular_Product.swift */,
				D2BD188C2AF7579F00E64D49 /* Product_on_Sale.swift */,
				D2BD18922AF7676B00E64D49 /* Card_My _Cart.swift */,
			);
			path = Components;
			sourceTree = "<group>";
		};
/* End PBXGroup section */

/* Begin PBXNativeTarget section */
		D25AA00F2AE580E300D97D06 /* Healthcare */ = {
			isa = PBXNativeTarget;
			buildConfigurationList = D25AA01E2AE580E400D97D06 /* Build configuration list for PBXNativeTarget "Healthcare" */;
			buildPhases = (
				D25AA00C2AE580E300D97D06 /* Sources */,
				D25AA00D2AE580E300D97D06 /* Frameworks */,
				D25AA00E2AE580E300D97D06 /* Resources */,
			);
			buildRules = (
			);
			dependencies = (
			);
			name = Healthcare;
			productName = Healthcare;
			productReference = D25AA0102AE580E300D97D06 /* Healthcare.app */;
			productType = "com.apple.product-type.application";
		};
/* End PBXNativeTarget section */

/* Begin PBXProject section */
		D25AA0082AE580E300D97D06 /* Project object */ = {
			isa = PBXProject;
			attributes = {
				BuildIndependentTargetsInParallel = 1;
				LastSwiftUpdateCheck = 1500;
				LastUpgradeCheck = 1500;
				TargetAttributes = {
					D25AA00F2AE580E300D97D06 = {
						CreatedOnToolsVersion = 15.0.1;
					};
				};
			};
			buildConfigurationList = D25AA00B2AE580E300D97D06 /* Build configuration list for PBXProject "Healthcare" */;
			compatibilityVersion = "Xcode 14.0";
			developmentRegion = en;
			hasScannedForEncodings = 0;
			knownRegions = (
				en,
				Base,
			);
			mainGroup = D25AA0072AE580E300D97D06;
			productRefGroup = D25AA0112AE580E300D97D06 /* Products */;
			projectDirPath = "";
			projectRoot = "";
			targets = (
				D25AA00F2AE580E300D97D06 /* Healthcare */,
			);
		};
/* End PBXProject section */

/* Begin PBXResourcesBuildPhase section */
		D25AA00E2AE580E300D97D06 /* Resources */ = {
			isa = PBXResourcesBuildPhase;
			buildActionMask = 2147483647;
			files = (
				D25AA01B2AE580E400D97D06 /* Preview Assets.xcassets in Resources */,
				D25AA0182AE580E400D97D06 /* Assets.xcassets in Resources */,
			);
			runOnlyForDeploymentPostprocessing = 0;
		};
/* End PBXResourcesBuildPhase section */

/* Begin PBXSourcesBuildPhase section */
		D25AA00C2AE580E300D97D06 /* Sources */ = {
			isa = PBXSourcesBuildPhase;
			buildActionMask = 2147483647;
			files = (
				D2E2A4AC2AF5803B0016C5D9 /* Appointment_View.swift in Sources */,
				D2E2A4AA2AF55AB30016C5D9 /* Time_Baker.swift in Sources */,
				D2E2A4922AF304350016C5D9 /* Catogry_Home_Row.swift in Sources */,
				D2BD188F2AF75B0800E64D49 /* Drugs_Detail_View.swift in Sources */,
				D2BD187D2AF6E25500E64D49 /* Message_View.swift in Sources */,
				D2E2A4A42AF45BEB0016C5D9 /* Doctor_Detail_View.swift in Sources */,
				D2BD18812AF6EA9C00E64D49 /* Popular_Articles.swift in Sources */,
				D2E2A4B42AF5B8690016C5D9 /* Chat_Doctor_View.swift in Sources */,
				D2BD18892AF7114900E64D49 /* Ad_Pharmacy_Box.swift in Sources */,
				D2E2A4B82AF5DF460016C5D9 /* Video_Call_View.swift in Sources */,
				D21C387C2AE66DCC001BB357 /* onboardingItems.swift in Sources */,
				D2BD18852AF708F400E64D49 /* Related_Articles.swift in Sources */,
				D2E2A49C2AF3AC750016C5D9 /* See_All_Top _Doctor_View.swift in Sources */,
				D2E2A4B02AF585910016C5D9 /* Date_&_Reason.swift in Sources */,
				D2E2A4902AF2FFCD0016C5D9 /* Search.swift in Sources */,
				D2E2A4A82AF5335D0016C5D9 /* Date_Baker.swift in Sources */,
				D25AA02A2AE5B13900D97D06 /* LogIn_SignUp_View.swift in Sources */,
				D2BD18912AF7672F00E64D49 /* My_Cart_View.swift in Sources */,
				D2E2A4A62AF524AE0016C5D9 /* Header_Doctor_Detail.swift in Sources */,
				D2E2A4892AF2F0120016C5D9 /* Create_New_Password_View.swift in Sources */,
				D25AA0232AE581C800D97D06 /* OnboardingView.swift in Sources */,
				D2BD188B2AF7147C00E64D49 /* Popular_Product.swift in Sources */,
				D2E2A48B2AF2F60F0016C5D9 /* New_Password_Success_View.swift in Sources */,
				D2E2A4B62AF5DF100016C5D9 /* Audio_Call_View.swift in Sources */,
				D2E2A47B2AF260600016C5D9 /* Home_View.swift in Sources */,
				D2E2A4832AF2D41F0016C5D9 /* Verify_Code_View.swift in Sources */,
				D25AA0162AE580E300D97D06 /* ContentView.swift in Sources */,
				D21C38A82AE72103001BB357 /* Sign_UpView.swift in Sources */,
				D22D4D332AE79C37005DA0DB /* LogIn_Success.swift in Sources */,
				D2BD18872AF70FE100E64D49 /* Pharmacy_View.swift in Sources */,
				D2E2A4A22AF455980016C5D9 /* Your_Recent_Doctors.swift in Sources */,
				D2E2A4BE2AF6BDB50016C5D9 /* Card_Docters_Schedule.swift in Sources */,
				D2E2A47D2AF261880016C5D9 /* Reset_Password.swift in Sources */,
				D21C38A42AE6FC44001BB357 /* LogIn_View.swift in Sources */,
				D2E2A48E2AF2FE130016C5D9 /* Header_Home.swift in Sources */,
				D2E2A4942AF30ACD0016C5D9 /* Ad_Home_Box.swift in Sources */,
				D2BD188D2AF7579F00E64D49 /* Product_on_Sale.swift in Sources */,
				D2E2A47F2AF26A020016C5D9 /* Reset_Password_Email.swift in Sources */,
				D2BD18832AF6FE4C00E64D49 /* Trending_Articles.swift in Sources */,
				D2E2A49E2AF3BA3D0016C5D9 /* Find_Doctors_View.swift in Sources */,
				D2E2A4852AF2D76A0016C5D9 /* OTPView.swift in Sources */,
				D2E2A4AE2AF583D40016C5D9 /* Card_Docters.swift in Sources */,
				D25AA0142AE580E300D97D06 /* HealthcareApp.swift in Sources */,
				D2E2A49A2AF389150016C5D9 /* Top_Doctor.swift in Sources */,
				D2BD18952AF772B800E64D49 /* Payment_Success_Cart_View.swift in Sources */,
				D2BD187F2AF6EA7100E64D49 /* Arcticles_View.swift in Sources */,
				D2E2A4A02AF4366F0016C5D9 /* Recommended_Doctors.swift in Sources */,
				D2E2A4B22AF5B5D80016C5D9 /* Payment_Success_View.swift in Sources */,
				D2E2A4C02AF6D7540016C5D9 /* Card_Schedule.swift in Sources */,
				D25AA0252AE5861100D97D06 /* SplashScreenView.swift in Sources */,
				D2E2A4812AF26C640016C5D9 /* Reset_Password_Phone.swift in Sources */,
				D2BD18932AF7676B00E64D49 /* Card_My _Cart.swift in Sources */,
				D2E2A4BA2AF692040016C5D9 /* Schedule_View.swift in Sources */,
			);
			runOnlyForDeploymentPostprocessing = 0;
		};
/* End PBXSourcesBuildPhase section */

/* Begin XCBuildConfiguration section */
		D25AA01C2AE580E400D97D06 /* Debug */ = {
			isa = XCBuildConfiguration;
			buildSettings = {
				ALWAYS_SEARCH_USER_PATHS = NO;
				ASSETCATALOG_COMPILER_GENERATE_SWIFT_ASSET_SYMBOL_EXTENSIONS = YES;
				CLANG_ANALYZER_NONNULL = YES;
				CLANG_ANALYZER_NUMBER_OBJECT_CONVERSION = YES_AGGRESSIVE;
				CLANG_CXX_LANGUAGE_STANDARD = "gnu++20";
				CLANG_ENABLE_MODULES = YES;
				CLANG_ENABLE_OBJC_ARC = YES;
				CLANG_ENABLE_OBJC_WEAK = YES;
				CLANG_WARN_BLOCK_CAPTURE_AUTORELEASING = YES;
				CLANG_WARN_BOOL_CONVERSION = YES;
				CLANG_WARN_COMMA = YES;
				CLANG_WARN_CONSTANT_CONVERSION = YES;
				CLANG_WARN_DEPRECATED_OBJC_IMPLEMENTATIONS = YES;
				CLANG_WARN_DIRECT_OBJC_ISA_USAGE = YES_ERROR;
				CLANG_WARN_DOCUMENTATION_COMMENTS = YES;
				CLANG_WARN_EMPTY_BODY = YES;
				CLANG_WARN_ENUM_CONVERSION = YES;
				CLANG_WARN_INFINITE_RECURSION = YES;
				CLANG_WARN_INT_CONVERSION = YES;
				CLANG_WARN_NON_LITERAL_NULL_CONVERSION = YES;
				CLANG_WARN_OBJC_IMPLICIT_RETAIN_SELF = YES;
				CLANG_WARN_OBJC_LITERAL_CONVERSION = YES;
				CLANG_WARN_OBJC_ROOT_CLASS = YES_ERROR;
				CLANG_WARN_QUOTED_INCLUDE_IN_FRAMEWORK_HEADER = YES;
				CLANG_WARN_RANGE_LOOP_ANALYSIS = YES;
				CLANG_WARN_STRICT_PROTOTYPES = YES;
				CLANG_WARN_SUSPICIOUS_MOVE = YES;
				CLANG_WARN_UNGUARDED_AVAILABILITY = YES_AGGRESSIVE;
				CLANG_WARN_UNREACHABLE_CODE = YES;
				CLANG_WARN__DUPLICATE_METHOD_MATCH = YES;
				COPY_PHASE_STRIP = NO;
				DEBUG_INFORMATION_FORMAT = dwarf;
				ENABLE_STRICT_OBJC_MSGSEND = YES;
				ENABLE_TESTABILITY = YES;
				ENABLE_USER_SCRIPT_SANDBOXING = YES;
				GCC_C_LANGUAGE_STANDARD = gnu17;
				GCC_DYNAMIC_NO_PIC = NO;
				GCC_NO_COMMON_BLOCKS = YES;
				GCC_OPTIMIZATION_LEVEL = 0;
				GCC_PREPROCESSOR_DEFINITIONS = (
					"DEBUG=1",
					"$(inherited)",
				);
				GCC_WARN_64_TO_32_BIT_CONVERSION = YES;
				GCC_WARN_ABOUT_RETURN_TYPE = YES_ERROR;
				GCC_WARN_UNDECLARED_SELECTOR = YES;
				GCC_WARN_UNINITIALIZED_AUTOS = YES_AGGRESSIVE;
				GCC_WARN_UNUSED_FUNCTION = YES;
				GCC_WARN_UNUSED_VARIABLE = YES;
				IPHONEOS_DEPLOYMENT_TARGET = 17.0;
				LOCALIZATION_PREFERS_STRING_CATALOGS = YES;
				MTL_ENABLE_DEBUG_INFO = INCLUDE_SOURCE;
				MTL_FAST_MATH = YES;
				ONLY_ACTIVE_ARCH = YES;
				SDKROOT = iphoneos;
				SWIFT_ACTIVE_COMPILATION_CONDITIONS = "DEBUG $(inherited)";
				SWIFT_OPTIMIZATION_LEVEL = "-Onone";
			};
			name = Debug;
		};
		D25AA01D2AE580E400D97D06 /* Release */ = {
			isa = XCBuildConfiguration;
			buildSettings = {
				ALWAYS_SEARCH_USER_PATHS = NO;
				ASSETCATALOG_COMPILER_GENERATE_SWIFT_ASSET_SYMBOL_EXTENSIONS = YES;
				CLANG_ANALYZER_NONNULL = YES;
				CLANG_ANALYZER_NUMBER_OBJECT_CONVERSION = YES_AGGRESSIVE;
				CLANG_CXX_LANGUAGE_STANDARD = "gnu++20";
				CLANG_ENABLE_MODULES = YES;
				CLANG_ENABLE_OBJC_ARC = YES;
				CLANG_ENABLE_OBJC_WEAK = YES;
				CLANG_WARN_BLOCK_CAPTURE_AUTORELEASING = YES;
				CLANG_WARN_BOOL_CONVERSION = YES;
				CLANG_WARN_COMMA = YES;
				CLANG_WARN_CONSTANT_CONVERSION = YES;
				CLANG_WARN_DEPRECATED_OBJC_IMPLEMENTATIONS = YES;
				CLANG_WARN_DIRECT_OBJC_ISA_USAGE = YES_ERROR;
				CLANG_WARN_DOCUMENTATION_COMMENTS = YES;
				CLANG_WARN_EMPTY_BODY = YES;
				CLANG_WARN_ENUM_CONVERSION = YES;
				CLANG_WARN_INFINITE_RECURSION = YES;
				CLANG_WARN_INT_CONVERSION = YES;
				CLANG_WARN_NON_LITERAL_NULL_CONVERSION = YES;
				CLANG_WARN_OBJC_IMPLICIT_RETAIN_SELF = YES;
				CLANG_WARN_OBJC_LITERAL_CONVERSION = YES;
				CLANG_WARN_OBJC_ROOT_CLASS = YES_ERROR;
				CLANG_WARN_QUOTED_INCLUDE_IN_FRAMEWORK_HEADER = YES;
				CLANG_WARN_RANGE_LOOP_ANALYSIS = YES;
				CLANG_WARN_STRICT_PROTOTYPES = YES;
				CLANG_WARN_SUSPICIOUS_MOVE = YES;
				CLANG_WARN_UNGUARDED_AVAILABILITY = YES_AGGRESSIVE;
				CLANG_WARN_UNREACHABLE_CODE = YES;
				CLANG_WARN__DUPLICATE_METHOD_MATCH = YES;
				COPY_PHASE_STRIP = NO;
				DEBUG_INFORMATION_FORMAT = "dwarf-with-dsym";
				ENABLE_NS_ASSERTIONS = NO;
				ENABLE_STRICT_OBJC_MSGSEND = YES;
				ENABLE_USER_SCRIPT_SANDBOXING = YES;
				GCC_C_LANGUAGE_STANDARD = gnu17;
				GCC_NO_COMMON_BLOCKS = YES;
				GCC_WARN_64_TO_32_BIT_CONVERSION = YES;
				GCC_WARN_ABOUT_RETURN_TYPE = YES_ERROR;
				GCC_WARN_UNDECLARED_SELECTOR = YES;
				GCC_WARN_UNINITIALIZED_AUTOS = YES_AGGRESSIVE;
				GCC_WARN_UNUSED_FUNCTION = YES;
				GCC_WARN_UNUSED_VARIABLE = YES;
				IPHONEOS_DEPLOYMENT_TARGET = 17.0;
				LOCALIZATION_PREFERS_STRING_CATALOGS = YES;
				MTL_ENABLE_DEBUG_INFO = NO;
				MTL_FAST_MATH = YES;
				SDKROOT = iphoneos;
				SWIFT_COMPILATION_MODE = wholemodule;
				VALIDATE_PRODUCT = YES;
			};
			name = Release;
		};
		D25AA01F2AE580E400D97D06 /* Debug */ = {
			isa = XCBuildConfiguration;
			buildSettings = {
				ASSETCATALOG_COMPILER_APPICON_NAME = AppIcon;
				ASSETCATALOG_COMPILER_GLOBAL_ACCENT_COLOR_NAME = AccentColor;
				CODE_SIGN_STYLE = Automatic;
				CURRENT_PROJECT_VERSION = 1;
				DEVELOPMENT_ASSET_PATHS = "\"Healthcare/Preview Content\"";
				DEVELOPMENT_TEAM = VL567NGX26;
				ENABLE_PREVIEWS = YES;
				GENERATE_INFOPLIST_FILE = YES;
				INFOPLIST_KEY_UIApplicationSceneManifest_Generation = YES;
				INFOPLIST_KEY_UIApplicationSupportsIndirectInputEvents = YES;
				INFOPLIST_KEY_UILaunchScreen_Generation = YES;
				INFOPLIST_KEY_UISupportedInterfaceOrientations_iPad = "UIInterfaceOrientationPortrait UIInterfaceOrientationPortraitUpsideDown UIInterfaceOrientationLandscapeLeft UIInterfaceOrientationLandscapeRight";
				INFOPLIST_KEY_UISupportedInterfaceOrientations_iPhone = "UIInterfaceOrientationPortrait UIInterfaceOrientationLandscapeLeft UIInterfaceOrientationLandscapeRight";
				LD_RUNPATH_SEARCH_PATHS = (
					"$(inherited)",
					"@executable_path/Frameworks",
				);
				MARKETING_VERSION = 1.0;
				PRODUCT_BUNDLE_IDENTIFIER = com.Aljwhra.Healthcare;
				PRODUCT_NAME = "$(TARGET_NAME)";
				SWIFT_EMIT_LOC_STRINGS = YES;
				SWIFT_VERSION = 5.0;
				TARGETED_DEVICE_FAMILY = "1,2";
			};
			name = Debug;
		};
		D25AA0202AE580E400D97D06 /* Release */ = {
			isa = XCBuildConfiguration;
			buildSettings = {
				ASSETCATALOG_COMPILER_APPICON_NAME = AppIcon;
				ASSETCATALOG_COMPILER_GLOBAL_ACCENT_COLOR_NAME = AccentColor;
				CODE_SIGN_STYLE = Automatic;
				CURRENT_PROJECT_VERSION = 1;
				DEVELOPMENT_ASSET_PATHS = "\"Healthcare/Preview Content\"";
				DEVELOPMENT_TEAM = VL567NGX26;
				ENABLE_PREVIEWS = YES;
				GENERATE_INFOPLIST_FILE = YES;
				INFOPLIST_KEY_UIApplicationSceneManifest_Generation = YES;
				INFOPLIST_KEY_UIApplicationSupportsIndirectInputEvents = YES;
				INFOPLIST_KEY_UILaunchScreen_Generation = YES;
				INFOPLIST_KEY_UISupportedInterfaceOrientations_iPad = "UIInterfaceOrientationPortrait UIInterfaceOrientationPortraitUpsideDown UIInterfaceOrientationLandscapeLeft UIInterfaceOrientationLandscapeRight";
				INFOPLIST_KEY_UISupportedInterfaceOrientations_iPhone = "UIInterfaceOrientationPortrait UIInterfaceOrientationLandscapeLeft UIInterfaceOrientationLandscapeRight";
				LD_RUNPATH_SEARCH_PATHS = (
					"$(inherited)",
					"@executable_path/Frameworks",
				);
				MARKETING_VERSION = 1.0;
				PRODUCT_BUNDLE_IDENTIFIER = com.Aljwhra.Healthcare;
				PRODUCT_NAME = "$(TARGET_NAME)";
				SWIFT_EMIT_LOC_STRINGS = YES;
				SWIFT_VERSION = 5.0;
				TARGETED_DEVICE_FAMILY = "1,2";
			};
			name = Release;
		};
/* End XCBuildConfiguration section */

/* Begin XCConfigurationList section */
		D25AA00B2AE580E300D97D06 /* Build configuration list for PBXProject "Healthcare" */ = {
			isa = XCConfigurationList;
			buildConfigurations = (
				D25AA01C2AE580E400D97D06 /* Debug */,
				D25AA01D2AE580E400D97D06 /* Release */,
			);
			defaultConfigurationIsVisible = 0;
			defaultConfigurationName = Release;
		};
		D25AA01E2AE580E400D97D06 /* Build configuration list for PBXNativeTarget "Healthcare" */ = {
			isa = XCConfigurationList;
			buildConfigurations = (
				D25AA01F2AE580E400D97D06 /* Debug */,
				D25AA0202AE580E400D97D06 /* Release */,
			);
			defaultConfigurationIsVisible = 0;
			defaultConfigurationName = Release;
		};
/* End XCConfigurationList section */
	};
	rootObject = D25AA0082AE580E300D97D06 /* Project object */;
}
