// !$*UTF8*$!
{
	archiveVersion = 1;
	classes = {
	};
	objectVersion = 56;
	objects = {

/* Begin PBXBuildFile section */
		D21C387C2AE66DCC001BB357 /* onboardingItems.swift in Sources */ = {isa = PBXBuildFile; fileRef = D21C387B2AE66DCC001BB357 /* onboardingItems.swift */; };
		D21C38A42AE6FC44001BB357 /* LogIn_View.swift in Sources */ = {isa = PBXBuildFile; fileRef = D21C38A32AE6FC44001BB357 /* LogIn_View.swift */; };
		D21C38A82AE72103001BB357 /* Sign_UpView.swift in Sources */ = {isa = PBXBuildFile; fileRef = D21C38A72AE72103001BB357 /* Sign_UpView.swift */; };
		D22D4D332AE79C37005DA0DB /* LogIn_Success.swift in Sources */ = {isa = PBXBuildFile; fileRef = D22D4D322AE79C37005DA0DB /* LogIn_Success.swift */; };
		D25AA0142AE580E300D97D06 /* HealthcareApp.swift in Sources */ = {isa = PBXBuildFile; fileRef = D25AA0132AE580E300D97D06 /* HealthcareApp.swift */; };
		D25AA0162AE580E300D97D06 /* ContentView.swift in Sources */ = {isa = PBXBuildFile; fileRef = D25AA0152AE580E300D97D06 /* ContentView.swift */; };
		D25AA0182AE580E400D97D06 /* Assets.xcassets in Resources */ = {isa = PBXBuildFile; fileRef = D25AA0172AE580E400D97D06 /* Assets.xcassets */; };
		D25AA01B2AE580E400D97D06 /* Preview Assets.xcassets in Resources */ = {isa = PBXBuildFile; fileRef = D25AA01A2AE580E400D97D06 /* Preview Assets.xcassets */; };
		D25AA0232AE581C800D97D06 /* OnboardingView.swift in Sources */ = {isa = PBXBuildFile; fileRef = D25AA0222AE581C800D97D06 /* OnboardingView.swift */; };
		D25AA0252AE5861100D97D06 /* SplashScreenView.swift in Sources */ = {isa = PBXBuildFile; fileRef = D25AA0242AE5861100D97D06 /* SplashScreenView.swift */; };
		D25AA02A2AE5B13900D97D06 /* LogIn_SignUp_View.swift in Sources */ = {isa = PBXBuildFile; fileRef = D25AA0292AE5B13900D97D06 /* LogIn_SignUp_View.swift */; };
/* End PBXBuildFile section */

/* Begin PBXFileReference section */
		D21C387B2AE66DCC001BB357 /* onboardingItems.swift */ = {isa = PBXFileReference; lastKnownFileType = sourcecode.swift; path = onboardingItems.swift; sourceTree = "<group>"; };
		D21C38A32AE6FC44001BB357 /* LogIn_View.swift */ = {isa = PBXFileReference; lastKnownFileType = sourcecode.swift; path = LogIn_View.swift; sourceTree = "<group>"; };
		D21C38A72AE72103001BB357 /* Sign_UpView.swift */ = {isa = PBXFileReference; lastKnownFileType = sourcecode.swift; path = Sign_UpView.swift; sourceTree = "<group>"; };
		D22D4D322AE79C37005DA0DB /* LogIn_Success.swift */ = {isa = PBXFileReference; lastKnownFileType = sourcecode.swift; path = LogIn_Success.swift; sourceTree = "<group>"; };
		D25AA0102AE580E300D97D06 /* Healthcare.app */ = {isa = PBXFileReference; explicitFileType = wrapper.application; includeInIndex = 0; path = Healthcare.app; sourceTree = BUILT_PRODUCTS_DIR; };
		D25AA0132AE580E300D97D06 /* HealthcareApp.swift */ = {isa = PBXFileReference; lastKnownFileType = sourcecode.swift; path = HealthcareApp.swift; sourceTree = "<group>"; };
		D25AA0152AE580E300D97D06 /* ContentView.swift */ = {isa = PBXFileReference; lastKnownFileType = sourcecode.swift; path = ContentView.swift; sourceTree = "<group>"; };
		D25AA0172AE580E400D97D06 /* Assets.xcassets */ = {isa = PBXFileReference; lastKnownFileType = folder.assetcatalog; path = Assets.xcassets; sourceTree = "<group>"; };
		D25AA01A2AE580E400D97D06 /* Preview Assets.xcassets */ = {isa = PBXFileReference; lastKnownFileType = folder.assetcatalog; path = "Preview Assets.xcassets"; sourceTree = "<group>"; };
		D25AA0222AE581C800D97D06 /* OnboardingView.swift */ = {isa = PBXFileReference; lastKnownFileType = sourcecode.swift; path = OnboardingView.swift; sourceTree = "<group>"; };
		D25AA0242AE5861100D97D06 /* SplashScreenView.swift */ = {isa = PBXFileReference; lastKnownFileType = sourcecode.swift; path = SplashScreenView.swift; sourceTree = "<group>"; };
		D25AA0292AE5B13900D97D06 /* LogIn_SignUp_View.swift */ = {isa = PBXFileReference; lastKnownFileType = sourcecode.swift; path = LogIn_SignUp_View.swift; sourceTree = "<group>"; };
/* End PBXFileReference section */

/* Begin PBXFrameworksBuildPhase section */
		D25AA00D2AE580E300D97D06 /* Frameworks */ = {
			isa = PBXFrameworksBuildPhase;
			buildActionMask = 2147483647;
			files = (
			);
			runOnlyForDeploymentPostprocessing = 0;
		};
/* End PBXFrameworksBuildPhase section */

/* Begin PBXGroup section */
		D21C38762AE658A7001BB357 /* Onboarding */ = {
			isa = PBXGroup;
			children = (
				D25AA0242AE5861100D97D06 /* SplashScreenView.swift */,
				D25AA0222AE581C800D97D06 /* OnboardingView.swift */,
				D21C387B2AE66DCC001BB357 /* onboardingItems.swift */,
			);
			path = Onboarding;
			sourceTree = "<group>";
		};
		D21C38A22AE6FBFF001BB357 /* Authentication */ = {
			isa = PBXGroup;
			children = (
				D25AA0292AE5B13900D97D06 /* LogIn_SignUp_View.swift */,
				D21C38A32AE6FC44001BB357 /* LogIn_View.swift */,
				D21C38A72AE72103001BB357 /* Sign_UpView.swift */,
				D22D4D322AE79C37005DA0DB /* LogIn_Success.swift */,
			);
			path = Authentication;
			sourceTree = "<group>";
		};
		D25AA0072AE580E300D97D06 = {
			isa = PBXGroup;
			children = (
				D25AA0122AE580E300D97D06 /* Healthcare */,
				D25AA0112AE580E300D97D06 /* Products */,
			);
			sourceTree = "<group>";
		};
		D25AA0112AE580E300D97D06 /* Products */ = {
			isa = PBXGroup;
			children = (
				D25AA0102AE580E300D97D06 /* Healthcare.app */,
			);
			name = Products;
			sourceTree = "<group>";
		};
		D25AA0122AE580E300D97D06 /* Healthcare */ = {
			isa = PBXGroup;
			children = (
				D25AA0132AE580E300D97D06 /* HealthcareApp.swift */,
				D25AA0212AE5813100D97D06 /* View */,
				D21C38A22AE6FBFF001BB357 /* Authentication */,
				D25AA0172AE580E400D97D06 /* Assets.xcassets */,
				D25AA0192AE580E400D97D06 /* Preview Content */,
			);
			path = Healthcare;
			sourceTree = "<group>";
		};
		D25AA0192AE580E400D97D06 /* Preview Content */ = {
			isa = PBXGroup;
			children = (
				D25AA01A2AE580E400D97D06 /* Preview Assets.xcassets */,
			);
			path = "Preview Content";
			sourceTree = "<group>";
		};
		D25AA0212AE5813100D97D06 /* View */ = {
			isa = PBXGroup;
			children = (
				D25AA0152AE580E300D97D06 /* ContentView.swift */,
				D21C38762AE658A7001BB357 /* Onboarding */,
			);
			path = View;
			sourceTree = "<group>";
		};
/* End PBXGroup section */

/* Begin PBXNativeTarget section */
		D25AA00F2AE580E300D97D06 /* Healthcare */ = {
			isa = PBXNativeTarget;
			buildConfigurationList = D25AA01E2AE580E400D97D06 /* Build configuration list for PBXNativeTarget "Healthcare" */;
			buildPhases = (
				D25AA00C2AE580E300D97D06 /* Sources */,
				D25AA00D2AE580E300D97D06 /* Frameworks */,
				D25AA00E2AE580E300D97D06 /* Resources */,
			);
			buildRules = (
			);
			dependencies = (
			);
			name = Healthcare;
			productName = Healthcare;
			productReference = D25AA0102AE580E300D97D06 /* Healthcare.app */;
			productType = "com.apple.product-type.application";
		};
/* End PBXNativeTarget section */

/* Begin PBXProject section */
		D25AA0082AE580E300D97D06 /* Project object */ = {
			isa = PBXProject;
			attributes = {
				BuildIndependentTargetsInParallel = 1;
				LastSwiftUpdateCheck = 1500;
				LastUpgradeCheck = 1500;
				TargetAttributes = {
					D25AA00F2AE580E300D97D06 = {
						CreatedOnToolsVersion = 15.0.1;
					};
				};
			};
			buildConfigurationList = D25AA00B2AE580E300D97D06 /* Build configuration list for PBXProject "Healthcare" */;
			compatibilityVersion = "Xcode 14.0";
			developmentRegion = en;
			hasScannedForEncodings = 0;
			knownRegions = (
				en,
				Base,
			);
			mainGroup = D25AA0072AE580E300D97D06;
			productRefGroup = D25AA0112AE580E300D97D06 /* Products */;
			projectDirPath = "";
			projectRoot = "";
			targets = (
				D25AA00F2AE580E300D97D06 /* Healthcare */,
			);
		};
/* End PBXProject section */

/* Begin PBXResourcesBuildPhase section */
		D25AA00E2AE580E300D97D06 /* Resources */ = {
			isa = PBXResourcesBuildPhase;
			buildActionMask = 2147483647;
			files = (
				D25AA01B2AE580E400D97D06 /* Preview Assets.xcassets in Resources */,
				D25AA0182AE580E400D97D06 /* Assets.xcassets in Resources */,
			);
			runOnlyForDeploymentPostprocessing = 0;
		};
/* End PBXResourcesBuildPhase section */

/* Begin PBXSourcesBuildPhase section */
		D25AA00C2AE580E300D97D06 /* Sources */ = {
			isa = PBXSourcesBuildPhase;
			buildActionMask = 2147483647;
			files = (
				D21C387C2AE66DCC001BB357 /* onboardingItems.swift in Sources */,
				D25AA02A2AE5B13900D97D06 /* LogIn_SignUp_View.swift in Sources */,
				D25AA0232AE581C800D97D06 /* OnboardingView.swift in Sources */,
				D25AA0162AE580E300D97D06 /* ContentView.swift in Sources */,
				D21C38A82AE72103001BB357 /* Sign_UpView.swift in Sources */,
				D22D4D332AE79C37005DA0DB /* LogIn_Success.swift in Sources */,
				D21C38A42AE6FC44001BB357 /* LogIn_View.swift in Sources */,
				D25AA0142AE580E300D97D06 /* HealthcareApp.swift in Sources */,
				D25AA0252AE5861100D97D06 /* SplashScreenView.swift in Sources */,
			);
			runOnlyForDeploymentPostprocessing = 0;
		};
/* End PBXSourcesBuildPhase section */

/* Begin XCBuildConfiguration section */
		D25AA01C2AE580E400D97D06 /* Debug */ = {
			isa = XCBuildConfiguration;
			buildSettings = {
				ALWAYS_SEARCH_USER_PATHS = NO;
				ASSETCATALOG_COMPILER_GENERATE_SWIFT_ASSET_SYMBOL_EXTENSIONS = YES;
				CLANG_ANALYZER_NONNULL = YES;
				CLANG_ANALYZER_NUMBER_OBJECT_CONVERSION = YES_AGGRESSIVE;
				CLANG_CXX_LANGUAGE_STANDARD = "gnu++20";
				CLANG_ENABLE_MODULES = YES;
				CLANG_ENABLE_OBJC_ARC = YES;
				CLANG_ENABLE_OBJC_WEAK = YES;
				CLANG_WARN_BLOCK_CAPTURE_AUTORELEASING = YES;
				CLANG_WARN_BOOL_CONVERSION = YES;
				CLANG_WARN_COMMA = YES;
				CLANG_WARN_CONSTANT_CONVERSION = YES;
				CLANG_WARN_DEPRECATED_OBJC_IMPLEMENTATIONS = YES;
				CLANG_WARN_DIRECT_OBJC_ISA_USAGE = YES_ERROR;
				CLANG_WARN_DOCUMENTATION_COMMENTS = YES;
				CLANG_WARN_EMPTY_BODY = YES;
				CLANG_WARN_ENUM_CONVERSION = YES;
				CLANG_WARN_INFINITE_RECURSION = YES;
				CLANG_WARN_INT_CONVERSION = YES;
				CLANG_WARN_NON_LITERAL_NULL_CONVERSION = YES;
				CLANG_WARN_OBJC_IMPLICIT_RETAIN_SELF = YES;
				CLANG_WARN_OBJC_LITERAL_CONVERSION = YES;
				CLANG_WARN_OBJC_ROOT_CLASS = YES_ERROR;
				CLANG_WARN_QUOTED_INCLUDE_IN_FRAMEWORK_HEADER = YES;
				CLANG_WARN_RANGE_LOOP_ANALYSIS = YES;
				CLANG_WARN_STRICT_PROTOTYPES = YES;
				CLANG_WARN_SUSPICIOUS_MOVE = YES;
				CLANG_WARN_UNGUARDED_AVAILABILITY = YES_AGGRESSIVE;
				CLANG_WARN_UNREACHABLE_CODE = YES;
				CLANG_WARN__DUPLICATE_METHOD_MATCH = YES;
				COPY_PHASE_STRIP = NO;
				DEBUG_INFORMATION_FORMAT = dwarf;
				ENABLE_STRICT_OBJC_MSGSEND = YES;
				ENABLE_TESTABILITY = YES;
				ENABLE_USER_SCRIPT_SANDBOXING = YES;
				GCC_C_LANGUAGE_STANDARD = gnu17;
				GCC_DYNAMIC_NO_PIC = NO;
				GCC_NO_COMMON_BLOCKS = YES;
				GCC_OPTIMIZATION_LEVEL = 0;
				GCC_PREPROCESSOR_DEFINITIONS = (
					"DEBUG=1",
					"$(inherited)",
				);
				GCC_WARN_64_TO_32_BIT_CONVERSION = YES;
				GCC_WARN_ABOUT_RETURN_TYPE = YES_ERROR;
				GCC_WARN_UNDECLARED_SELECTOR = YES;
				GCC_WARN_UNINITIALIZED_AUTOS = YES_AGGRESSIVE;
				GCC_WARN_UNUSED_FUNCTION = YES;
				GCC_WARN_UNUSED_VARIABLE = YES;
				IPHONEOS_DEPLOYMENT_TARGET = 17.0;
				LOCALIZATION_PREFERS_STRING_CATALOGS = YES;
				MTL_ENABLE_DEBUG_INFO = INCLUDE_SOURCE;
				MTL_FAST_MATH = YES;
				ONLY_ACTIVE_ARCH = YES;
				SDKROOT = iphoneos;
				SWIFT_ACTIVE_COMPILATION_CONDITIONS = "DEBUG $(inherited)";
				SWIFT_OPTIMIZATION_LEVEL = "-Onone";
			};
			name = Debug;
		};
		D25AA01D2AE580E400D97D06 /* Release */ = {
			isa = XCBuildConfiguration;
			buildSettings = {
				ALWAYS_SEARCH_USER_PATHS = NO;
				ASSETCATALOG_COMPILER_GENERATE_SWIFT_ASSET_SYMBOL_EXTENSIONS = YES;
				CLANG_ANALYZER_NONNULL = YES;
				CLANG_ANALYZER_NUMBER_OBJECT_CONVERSION = YES_AGGRESSIVE;
				CLANG_CXX_LANGUAGE_STANDARD = "gnu++20";
				CLANG_ENABLE_MODULES = YES;
				CLANG_ENABLE_OBJC_ARC = YES;
				CLANG_ENABLE_OBJC_WEAK = YES;
				CLANG_WARN_BLOCK_CAPTURE_AUTORELEASING = YES;
				CLANG_WARN_BOOL_CONVERSION = YES;
				CLANG_WARN_COMMA = YES;
				CLANG_WARN_CONSTANT_CONVERSION = YES;
				CLANG_WARN_DEPRECATED_OBJC_IMPLEMENTATIONS = YES;
				CLANG_WARN_DIRECT_OBJC_ISA_USAGE = YES_ERROR;
				CLANG_WARN_DOCUMENTATION_COMMENTS = YES;
				CLANG_WARN_EMPTY_BODY = YES;
				CLANG_WARN_ENUM_CONVERSION = YES;
				CLANG_WARN_INFINITE_RECURSION = YES;
				CLANG_WARN_INT_CONVERSION = YES;
				CLANG_WARN_NON_LITERAL_NULL_CONVERSION = YES;
				CLANG_WARN_OBJC_IMPLICIT_RETAIN_SELF = YES;
				CLANG_WARN_OBJC_LITERAL_CONVERSION = YES;
				CLANG_WARN_OBJC_ROOT_CLASS = YES_ERROR;
				CLANG_WARN_QUOTED_INCLUDE_IN_FRAMEWORK_HEADER = YES;
				CLANG_WARN_RANGE_LOOP_ANALYSIS = YES;
				CLANG_WARN_STRICT_PROTOTYPES = YES;
				CLANG_WARN_SUSPICIOUS_MOVE = YES;
				CLANG_WARN_UNGUARDED_AVAILABILITY = YES_AGGRESSIVE;
				CLANG_WARN_UNREACHABLE_CODE = YES;
				CLANG_WARN__DUPLICATE_METHOD_MATCH = YES;
				COPY_PHASE_STRIP = NO;
				DEBUG_INFORMATION_FORMAT = "dwarf-with-dsym";
				ENABLE_NS_ASSERTIONS = NO;
				ENABLE_STRICT_OBJC_MSGSEND = YES;
				ENABLE_USER_SCRIPT_SANDBOXING = YES;
				GCC_C_LANGUAGE_STANDARD = gnu17;
				GCC_NO_COMMON_BLOCKS = YES;
				GCC_WARN_64_TO_32_BIT_CONVERSION = YES;
				GCC_WARN_ABOUT_RETURN_TYPE = YES_ERROR;
				GCC_WARN_UNDECLARED_SELECTOR = YES;
				GCC_WARN_UNINITIALIZED_AUTOS = YES_AGGRESSIVE;
				GCC_WARN_UNUSED_FUNCTION = YES;
				GCC_WARN_UNUSED_VARIABLE = YES;
				IPHONEOS_DEPLOYMENT_TARGET = 17.0;
				LOCALIZATION_PREFERS_STRING_CATALOGS = YES;
				MTL_ENABLE_DEBUG_INFO = NO;
				MTL_FAST_MATH = YES;
				SDKROOT = iphoneos;
				SWIFT_COMPILATION_MODE = wholemodule;
				VALIDATE_PRODUCT = YES;
			};
			name = Release;
		};
		D25AA01F2AE580E400D97D06 /* Debug */ = {
			isa = XCBuildConfiguration;
			buildSettings = {
				ASSETCATALOG_COMPILER_APPICON_NAME = AppIcon;
				ASSETCATALOG_COMPILER_GLOBAL_ACCENT_COLOR_NAME = AccentColor;
				CODE_SIGN_STYLE = Automatic;
				CURRENT_PROJECT_VERSION = 1;
				DEVELOPMENT_ASSET_PATHS = "\"Healthcare/Preview Content\"";
				DEVELOPMENT_TEAM = VL567NGX26;
				ENABLE_PREVIEWS = YES;
				GENERATE_INFOPLIST_FILE = YES;
				INFOPLIST_KEY_UIApplicationSceneManifest_Generation = YES;
				INFOPLIST_KEY_UIApplicationSupportsIndirectInputEvents = YES;
				INFOPLIST_KEY_UILaunchScreen_Generation = YES;
				INFOPLIST_KEY_UISupportedInterfaceOrientations_iPad = "UIInterfaceOrientationPortrait UIInterfaceOrientationPortraitUpsideDown UIInterfaceOrientationLandscapeLeft UIInterfaceOrientationLandscapeRight";
				INFOPLIST_KEY_UISupportedInterfaceOrientations_iPhone = "UIInterfaceOrientationPortrait UIInterfaceOrientationLandscapeLeft UIInterfaceOrientationLandscapeRight";
				LD_RUNPATH_SEARCH_PATHS = (
					"$(inherited)",
					"@executable_path/Frameworks",
				);
				MARKETING_VERSION = 1.0;
				PRODUCT_BUNDLE_IDENTIFIER = com.Aljwhra.Healthcare;
				PRODUCT_NAME = "$(TARGET_NAME)";
				SWIFT_EMIT_LOC_STRINGS = YES;
				SWIFT_VERSION = 5.0;
				TARGETED_DEVICE_FAMILY = "1,2";
			};
			name = Debug;
		};
		D25AA0202AE580E400D97D06 /* Release */ = {
			isa = XCBuildConfiguration;
			buildSettings = {
				ASSETCATALOG_COMPILER_APPICON_NAME = AppIcon;
				ASSETCATALOG_COMPILER_GLOBAL_ACCENT_COLOR_NAME = AccentColor;
				CODE_SIGN_STYLE = Automatic;
				CURRENT_PROJECT_VERSION = 1;
				DEVELOPMENT_ASSET_PATHS = "\"Healthcare/Preview Content\"";
				DEVELOPMENT_TEAM = VL567NGX26;
				ENABLE_PREVIEWS = YES;
				GENERATE_INFOPLIST_FILE = YES;
				INFOPLIST_KEY_UIApplicationSceneManifest_Generation = YES;
				INFOPLIST_KEY_UIApplicationSupportsIndirectInputEvents = YES;
				INFOPLIST_KEY_UILaunchScreen_Generation = YES;
				INFOPLIST_KEY_UISupportedInterfaceOrientations_iPad = "UIInterfaceOrientationPortrait UIInterfaceOrientationPortraitUpsideDown UIInterfaceOrientationLandscapeLeft UIInterfaceOrientationLandscapeRight";
				INFOPLIST_KEY_UISupportedInterfaceOrientations_iPhone = "UIInterfaceOrientationPortrait UIInterfaceOrientationLandscapeLeft UIInterfaceOrientationLandscapeRight";
				LD_RUNPATH_SEARCH_PATHS = (
					"$(inherited)",
					"@executable_path/Frameworks",
				);
				MARKETING_VERSION = 1.0;
				PRODUCT_BUNDLE_IDENTIFIER = com.Aljwhra.Healthcare;
				PRODUCT_NAME = "$(TARGET_NAME)";
				SWIFT_EMIT_LOC_STRINGS = YES;
				SWIFT_VERSION = 5.0;
				TARGETED_DEVICE_FAMILY = "1,2";
			};
			name = Release;
		};
/* End XCBuildConfiguration section */

/* Begin XCConfigurationList section */
		D25AA00B2AE580E300D97D06 /* Build configuration list for PBXProject "Healthcare" */ = {
			isa = XCConfigurationList;
			buildConfigurations = (
				D25AA01C2AE580E400D97D06 /* Debug */,
				D25AA01D2AE580E400D97D06 /* Release */,
			);
			defaultConfigurationIsVisible = 0;
			defaultConfigurationName = Release;
		};
		D25AA01E2AE580E400D97D06 /* Build configuration list for PBXNativeTarget "Healthcare" */ = {
			isa = XCConfigurationList;
			buildConfigurations = (
				D25AA01F2AE580E400D97D06 /* Debug */,
				D25AA0202AE580E400D97D06 /* Release */,
			);
			defaultConfigurationIsVisible = 0;
			defaultConfigurationName = Release;
		};
/* End XCConfigurationList section */
	};
	rootObject = D25AA0082AE580E300D97D06 /* Project object */;
}
